# This file was autogenerated by Stack.
# You should not edit this file by hand.
# For more information, please see the documentation at:
#   https://docs.haskellstack.org/en/stable/lock_files

packages:
- completed:
    name: xmonad-contrib
    version: '0.16'
    git: https://github.com/xmonad/xmonad-contrib.git
    pantry-tree:
      size: 20742
      sha256: c3c87e4c875a9222837990e0cb48fffdd3a8b4c0290c90a5c882207fcbce7217
    commit: 3dc49721b69f5c69c5d5e1ca21083892de72715d
  original:
    git: https://github.com/xmonad/xmonad-contrib.git
    commit: 3dc49721b69f5c69c5d5e1ca21083892de72715d
- completed:
    name: xmobar
    version: 0.35.1
    git: https://github.com/jaor/xmobar.git
    pantry-tree:
      size: 7062
      sha256: 1cb453d9903117863ecc088b512e6ca767a2ff75520cb54d3fda9d02a9749663
    commit: f0795239ddad9b58ef832b91efb43620a909f7a0
  original:
    git: https://github.com/jaor/xmobar.git
    commit: f0795239ddad9b58ef832b91efb43620a909f7a0
snapshots:
- completed:
    size: 531674
    url: https://raw.githubusercontent.com/commercialhaskell/stackage-snapshots/master/lts/16/2.yaml
    sha256: 4b08fb9338ca297de7ade8318f4be1216f14dff8c0426c001fb7886ee88cb84a
  original: lts-16.2
